{
  "pins" : [
    {
      "identity" : "appicon",
      "kind" : "remoteSourceControl",
      "location" : "https://github.com/kevinhermawan/AppIcon.git",
      "state" : {
        "revision" : "573b344b2576d9e3c8250fffa1049f462ab60079",
        "version" : "2.0.4"
      }
    }
  ],
  "version" : 2
}
