{
  "pins" : [
    {
      "identity" : "appicon",
      "kind" : "remoteSourceControl",
      "location" : "https://github.com/kevinhermawan/AppIcon.git",
      "state" : {
        "revision" : "462c0ba0e7ba3386685e4ee29dac83873272874f",
        "version" : "2.0.5"
      }
    }
  ],
  "version" : 2
}
