{
  "pins" : [
    {
      "identity" : "appicon",
      "kind" : "remoteSourceControl",
      "location" : "https://github.com/kevinhermawan/AppIcon.git",
      "state" : {
        "revision" : "108c02c3d7da4e794b73d51ef1b71e33404bcbb4",
        "version" : "2.0.3"
      }
    }
  ],
  "version" : 2
}
